
Microsoft Visual Studio Solution File, Format Version 12.00
# Visual Studio Version 16
VisualStudioVersion = 16.0.31321.278
MinimumVisualStudioVersion = 10.0.40219.1
Project("{FAE04EC0-301F-11D3-BF4B-00C04F79EFBC}") = "View_Navigation", "View_Navigation\View_Navigation.csproj", "{3AD3A151-B0EB-4598-AA6F-EBFA09C0AD17}"
EndProject
Global
	GlobalSection(SolutionConfigurationPlatforms) = preSolution
		Debug|Any CPU = Debug|Any CPU
		Release|Any CPU = Release|Any CPU
	EndGlobalSection
	GlobalSection(ProjectConfigurationPlatforms) = postSolution
		{3AD3A151-B0EB-4598-AA6F-EBFA09C0AD17}.Debug|Any CPU.ActiveCfg = Debug|Any CPU
		{3AD3A151-B0EB-4598-AA6F-EBFA09C0AD17}.Debug|Any CPU.Build.0 = Debug|Any CPU
		{3AD3A151-B0EB-4598-AA6F-EBFA09C0AD17}.Release|Any CPU.ActiveCfg = Release|Any CPU
		{3AD3A151-B0EB-4598-AA6F-EBFA09C0AD17}.Release|Any CPU.Build.0 = Release|Any CPU
	EndGlobalSection
	GlobalSection(SolutionProperties) = preSolution
		HideSolutionNode = FALSE
	EndGlobalSection
	GlobalSection(ExtensibilityGlobals) = postSolution
		SolutionGuid = {ABF54831-0406-4CD9-A730-1B7C37EF78D2}
	EndGlobalSection
EndGlobal
